{
  "name": "public",
  "version": "1.0.0",
  "lockfileVersion": 2,
  "requires": true,
  "packages": {
    "": {
      "name": "public",
      "version": "1.0.0",
      "license": "ISC",
      "dependencies": {
        "bootstrap": "^4.5.2",
        "jquery": "^3.5.1",
        "log2textarea": "^1.0.1"
      }
    },
    "node_modules/bootstrap": {
      "version": "4.5.2",
      "resolved": "https://registry.npmjs.org/bootstrap/-/bootstrap-4.5.2.tgz",
      "integrity": "sha512-vlGn0bcySYl/iV+BGA544JkkZP5LB3jsmkeKLFQakCOwCM3AOk7VkldBz4jrzSe+Z0Ezn99NVXa1o45cQY4R6A=="
    },
    "node_modules/jquery": {
      "version": "3.5.1",
      "resolved": "https://registry.npmjs.org/jquery/-/jquery-3.5.1.tgz",
      "integrity": "sha512-XwIBPqcMn57FxfT+Go5pzySnm4KWkT1Tv7gjrpT1srtf8Weynl6R273VJ5GjkRb51IzMp5nbaPjJXMWeju2MKg=="
    },
    "node_modules/log2textarea": {
      "version": "1.0.1",
      "resolved": "https://registry.npmjs.org/log2textarea/-/log2textarea-1.0.1.tgz",
      "integrity": "sha512-uyA4yKMBjHMFVaFbfhLJ26PfWr3/8zawxFI3Q/9IsVhDvSRgTMahuocIctNXVc3rKt/uwIKVB3wExSR2civaLw=="
    }
  },
  "dependencies": {
    "bootstrap": {
      "version": "4.5.2",
      "resolved": "https://registry.npmjs.org/bootstrap/-/bootstrap-4.5.2.tgz",
      "integrity": "sha512-vlGn0bcySYl/iV+BGA544JkkZP5LB3jsmkeKLFQakCOwCM3AOk7VkldBz4jrzSe+Z0Ezn99NVXa1o45cQY4R6A=="
    },
    "jquery": {
      "version": "3.5.1",
      "resolved": "https://registry.npmjs.org/jquery/-/jquery-3.5.1.tgz",
      "integrity": "sha512-XwIBPqcMn57FxfT+Go5pzySnm4KWkT1Tv7gjrpT1srtf8Weynl6R273VJ5GjkRb51IzMp5nbaPjJXMWeju2MKg=="
    },
    "log2textarea": {
      "version": "1.0.1",
      "resolved": "https://registry.npmjs.org/log2textarea/-/log2textarea-1.0.1.tgz",
      "integrity": "sha512-uyA4yKMBjHMFVaFbfhLJ26PfWr3/8zawxFI3Q/9IsVhDvSRgTMahuocIctNXVc3rKt/uwIKVB3wExSR2civaLw=="
    }
  }
}
